
Microsoft Visual Studio Solution File, Format Version 12.00
Project("{FAE04EC0-301F-11D3-BF4B-00C04F79EFBC}") = "Blazor", "Blazor\Blazor.csproj", "{72603303-D027-4FEF-BBE0-5B7AAA5604F8}"
EndProject
Project("{FAE04EC0-301F-11D3-BF4B-00C04F79EFBC}") = "DTOS", "DTOS\DTOS.csproj", "{3EC0B85E-5A22-45A5-91D5-4FD53278A2B8}"
EndProject
Project("{FAE04EC0-301F-11D3-BF4B-00C04F79EFBC}") = "Services", "Services\Services.csproj", "{B04A3446-AEB5-4E96-888F-CFCAC3B5F772}"
EndProject
Global
	GlobalSection(SolutionConfigurationPlatforms) = preSolution
		Debug|Any CPU = Debug|Any CPU
		Release|Any CPU = Release|Any CPU
	EndGlobalSection
	GlobalSection(ProjectConfigurationPlatforms) = postSolution
		{72603303-D027-4FEF-BBE0-5B7AAA5604F8}.Debug|Any CPU.ActiveCfg = Debug|Any CPU
		{72603303-D027-4FEF-BBE0-5B7AAA5604F8}.Debug|Any CPU.Build.0 = Debug|Any CPU
		{72603303-D027-4FEF-BBE0-5B7AAA5604F8}.Release|Any CPU.ActiveCfg = Release|Any CPU
		{72603303-D027-4FEF-BBE0-5B7AAA5604F8}.Release|Any CPU.Build.0 = Release|Any CPU
		{3EC0B85E-5A22-45A5-91D5-4FD53278A2B8}.Debug|Any CPU.ActiveCfg = Debug|Any CPU
		{3EC0B85E-5A22-45A5-91D5-4FD53278A2B8}.Debug|Any CPU.Build.0 = Debug|Any CPU
		{3EC0B85E-5A22-45A5-91D5-4FD53278A2B8}.Release|Any CPU.ActiveCfg = Release|Any CPU
		{3EC0B85E-5A22-45A5-91D5-4FD53278A2B8}.Release|Any CPU.Build.0 = Release|Any CPU
		{B04A3446-AEB5-4E96-888F-CFCAC3B5F772}.Debug|Any CPU.ActiveCfg = Debug|Any CPU
		{B04A3446-AEB5-4E96-888F-CFCAC3B5F772}.Debug|Any CPU.Build.0 = Debug|Any CPU
		{B04A3446-AEB5-4E96-888F-CFCAC3B5F772}.Release|Any CPU.ActiveCfg = Release|Any CPU
		{B04A3446-AEB5-4E96-888F-CFCAC3B5F772}.Release|Any CPU.Build.0 = Release|Any CPU
	EndGlobalSection
EndGlobal
