
Microsoft Visual Studio Solution File, Format Version 12.00
Project("{FAE04EC0-301F-11D3-BF4B-00C04F79EFBC}") = "Database", "Database\Database.csproj", "{C486629A-4195-46D2-B4E5-7F1E4851D477}"
EndProject
Project("{FAE04EC0-301F-11D3-BF4B-00C04F79EFBC}") = "Entities", "Entities\Entities.csproj", "{1F6A7112-4B95-4690-80AD-BAB9F946F0BE}"
EndProject
Project("{FAE04EC0-301F-11D3-BF4B-00C04F79EFBC}") = "WebApi", "WebApi\WebApi.csproj", "{C01A5041-C457-4042-A3F6-5B3C12B17FBF}"
EndProject
Project("{FAE04EC0-301F-11D3-BF4B-00C04F79EFBC}") = "BlazorApp", "BlazorApp\BlazorApp.csproj", "{E2900CB4-1F78-4606-A872-9F3048129961}"
EndProject
Project("{FAE04EC0-301F-11D3-BF4B-00C04F79EFBC}") = "Services", "Services\Services.csproj", "{EDE5079D-5916-46BB-90E7-8555DD6247AF}"
EndProject
Project("{2150E333-8FDC-42A3-9474-1A3956D46DE8}") = "Backend", "Backend", "{CCABBD85-B1D5-46E3-807C-1FFB34B4C517}"
EndProject
Project("{2150E333-8FDC-42A3-9474-1A3956D46DE8}") = "Frontend", "Frontend", "{9BC8C866-6989-4377-A0F9-FCF0B03D95EC}"
EndProject
Project("{2150E333-8FDC-42A3-9474-1A3956D46DE8}") = "Shared", "Shared", "{EA617290-E0ED-4368-9BE8-C541B308454F}"
EndProject
Project("{FAE04EC0-301F-11D3-BF4B-00C04F79EFBC}") = "DTOs", "DTOs\DTOs.csproj", "{7B4ED5DE-F076-4363-9EE2-EF0661BE935D}"
EndProject
Global
	GlobalSection(SolutionConfigurationPlatforms) = preSolution
		Debug|Any CPU = Debug|Any CPU
		Release|Any CPU = Release|Any CPU
	EndGlobalSection
	GlobalSection(ProjectConfigurationPlatforms) = postSolution
		{C01A5041-C457-4042-A3F6-5B3C12B17FBF}.Debug|Any CPU.ActiveCfg = Debug|Any CPU
		{C01A5041-C457-4042-A3F6-5B3C12B17FBF}.Debug|Any CPU.Build.0 = Debug|Any CPU
		{C01A5041-C457-4042-A3F6-5B3C12B17FBF}.Release|Any CPU.ActiveCfg = Release|Any CPU
		{C01A5041-C457-4042-A3F6-5B3C12B17FBF}.Release|Any CPU.Build.0 = Release|Any CPU
		{E2900CB4-1F78-4606-A872-9F3048129961}.Debug|Any CPU.ActiveCfg = Debug|Any CPU
		{E2900CB4-1F78-4606-A872-9F3048129961}.Debug|Any CPU.Build.0 = Debug|Any CPU
		{E2900CB4-1F78-4606-A872-9F3048129961}.Release|Any CPU.ActiveCfg = Release|Any CPU
		{E2900CB4-1F78-4606-A872-9F3048129961}.Release|Any CPU.Build.0 = Release|Any CPU
		{EDE5079D-5916-46BB-90E7-8555DD6247AF}.Debug|Any CPU.ActiveCfg = Debug|Any CPU
		{EDE5079D-5916-46BB-90E7-8555DD6247AF}.Debug|Any CPU.Build.0 = Debug|Any CPU
		{EDE5079D-5916-46BB-90E7-8555DD6247AF}.Release|Any CPU.ActiveCfg = Release|Any CPU
		{EDE5079D-5916-46BB-90E7-8555DD6247AF}.Release|Any CPU.Build.0 = Release|Any CPU
		{7B4ED5DE-F076-4363-9EE2-EF0661BE935D}.Debug|Any CPU.ActiveCfg = Debug|Any CPU
		{7B4ED5DE-F076-4363-9EE2-EF0661BE935D}.Debug|Any CPU.Build.0 = Debug|Any CPU
		{7B4ED5DE-F076-4363-9EE2-EF0661BE935D}.Release|Any CPU.ActiveCfg = Release|Any CPU
		{7B4ED5DE-F076-4363-9EE2-EF0661BE935D}.Release|Any CPU.Build.0 = Release|Any CPU
	EndGlobalSection
	GlobalSection(ProjectConfigurationPlatforms) = postSolution
		{C486629A-4195-46D2-B4E5-7F1E4851D477}.Debug|Any CPU.ActiveCfg = Debug|Any CPU
		{C486629A-4195-46D2-B4E5-7F1E4851D477}.Debug|Any CPU.Build.0 = Debug|Any CPU
		{C486629A-4195-46D2-B4E5-7F1E4851D477}.Release|Any CPU.ActiveCfg = Release|Any CPU
		{C486629A-4195-46D2-B4E5-7F1E4851D477}.Release|Any CPU.Build.0 = Release|Any CPU
		{1F6A7112-4B95-4690-80AD-BAB9F946F0BE}.Debug|Any CPU.ActiveCfg = Debug|Any CPU
		{1F6A7112-4B95-4690-80AD-BAB9F946F0BE}.Debug|Any CPU.Build.0 = Debug|Any CPU
		{1F6A7112-4B95-4690-80AD-BAB9F946F0BE}.Release|Any CPU.ActiveCfg = Release|Any CPU
		{1F6A7112-4B95-4690-80AD-BAB9F946F0BE}.Release|Any CPU.Build.0 = Release|Any CPU
	EndGlobalSection
	GlobalSection(NestedProjects) = preSolution
		{7B4ED5DE-F076-4363-9EE2-EF0661BE935D} = {EA617290-E0ED-4368-9BE8-C541B308454F}
		{C486629A-4195-46D2-B4E5-7F1E4851D477} = {CCABBD85-B1D5-46E3-807C-1FFB34B4C517}
		{1F6A7112-4B95-4690-80AD-BAB9F946F0BE} = {CCABBD85-B1D5-46E3-807C-1FFB34B4C517}
		{C01A5041-C457-4042-A3F6-5B3C12B17FBF} = {CCABBD85-B1D5-46E3-807C-1FFB34B4C517}
		{E2900CB4-1F78-4606-A872-9F3048129961} = {9BC8C866-6989-4377-A0F9-FCF0B03D95EC}
		{EDE5079D-5916-46BB-90E7-8555DD6247AF} = {9BC8C866-6989-4377-A0F9-FCF0B03D95EC}
	EndGlobalSection
EndGlobal
